
Microsoft Visual Studio Solution File, Format Version 12.00
# Visual Studio Version 17
VisualStudioVersion = 17.4.33213.308
MinimumVisualStudioVersion = 10.0.40219.1
Project("{FAE04EC0-301F-11D3-BF4B-00C04F79EFBC}") = "App1", "App1\App1.csproj", "{FC9B4EC0-A520-4474-AF3E-37DDC000A110}"
EndProject
Project("{FAE04EC0-301F-11D3-BF4B-00C04F79EFBC}") = "entitati", "entitati\entitati.csproj", "{B4B342CE-49D1-4006-A709-03119ABA2FDC}"
EndProject
Global
	GlobalSection(SolutionConfigurationPlatforms) = preSolution
		Debug|Any CPU = Debug|Any CPU
		Release|Any CPU = Release|Any CPU
	EndGlobalSection
	GlobalSection(ProjectConfigurationPlatforms) = postSolution
		{FC9B4EC0-A520-4474-AF3E-37DDC000A110}.Debug|Any CPU.ActiveCfg = Debug|Any CPU
		{FC9B4EC0-A520-4474-AF3E-37DDC000A110}.Debug|Any CPU.Build.0 = Debug|Any CPU
		{FC9B4EC0-A520-4474-AF3E-37DDC000A110}.Release|Any CPU.ActiveCfg = Release|Any CPU
		{FC9B4EC0-A520-4474-AF3E-37DDC000A110}.Release|Any CPU.Build.0 = Release|Any CPU
		{B4B342CE-49D1-4006-A709-03119ABA2FDC}.Debug|Any CPU.ActiveCfg = Debug|Any CPU
		{B4B342CE-49D1-4006-A709-03119ABA2FDC}.Debug|Any CPU.Build.0 = Debug|Any CPU
		{B4B342CE-49D1-4006-A709-03119ABA2FDC}.Release|Any CPU.ActiveCfg = Release|Any CPU
		{B4B342CE-49D1-4006-A709-03119ABA2FDC}.Release|Any CPU.Build.0 = Release|Any CPU
	EndGlobalSection
	GlobalSection(SolutionProperties) = preSolution
		HideSolutionNode = FALSE
	EndGlobalSection
	GlobalSection(ExtensibilityGlobals) = postSolution
		SolutionGuid = {AD4863AE-616E-48F9-8CFC-12F87104DA9C}
	EndGlobalSection
EndGlobal
